
Microsoft Visual Studio Solution File, Format Version 10.00
# Visual Studio 2008
Project("{8BC9CEB8-8B4A-11D0-8D11-00A0C91BC942}") = "Igraphics", "Igraphics.vcproj", "{C9BB2BAA-6EDB-4BAF-8476-C67977994170}"
EndProject
Global
	GlobalSection(SolutionConfigurationPlatforms) = preSolution
		Debug|Win32 = Debug|Win32
		Release|Win32 = Release|Win32
	EndGlobalSection
	GlobalSection(ProjectConfigurationPlatforms) = postSolution
		{C9BB2BAA-6EDB-4BAF-8476-C67977994170}.Debug|Win32.ActiveCfg = Debug|Win32
		{C9BB2BAA-6EDB-4BAF-8476-C67977994170}.Debug|Win32.Build.0 = Debug|Win32
		{C9BB2BAA-6EDB-4BAF-8476-C67977994170}.Release|Win32.ActiveCfg = Release|Win32
		{C9BB2BAA-6EDB-4BAF-8476-C67977994170}.Release|Win32.Build.0 = Release|Win32
	EndGlobalSection
	GlobalSection(SolutionProperties) = preSolution
		HideSolutionNode = FALSE
	EndGlobalSection
EndGlobal
